
Microsoft Visual Studio Solution File, Format Version 12.00
# Visual Studio 15
Project("{FAE04EC0-301F-11D3-BF4B-00C04F79EFBC}") = "QRCodeScanner.Android", "QRCodeScanner.Android\QRCodeScanner.Android.csproj", "{E6609C3E-47CA-41BE-B906-339063EA6E1F}"
EndProject
Project("{FAE04EC0-301F-11D3-BF4B-00C04F79EFBC}") = "QRCodeScanner.iOS", "QRCodeScanner.iOS\QRCodeScanner.iOS.csproj", "{DAD833E6-DBF8-41FB-9258-E2BBE8D8C27A}"
EndProject
Project("{FAE04EC0-301F-11D3-BF4B-00C04F79EFBC}") = "QRCodeScanner", "QRCodeScanner\QRCodeScanner.csproj", "{DB66A545-1725-43F0-B046-FAA3950DD0FB}"
EndProject
Global
	GlobalSection(SolutionConfigurationPlatforms) = preSolution
		Debug|Any CPU = Debug|Any CPU
		Release|Any CPU = Release|Any CPU
		Debug|iPhoneSimulator = Debug|iPhoneSimulator
		Release|iPhoneSimulator = Release|iPhoneSimulator
		Debug|iPhone = Debug|iPhone
		Release|iPhone = Release|iPhone
		Ad-Hoc|iPhone = Ad-Hoc|iPhone
		AppStore|iPhone = AppStore|iPhone
	EndGlobalSection
	GlobalSection(ProjectConfigurationPlatforms) = postSolution
		{E6609C3E-47CA-41BE-B906-339063EA6E1F}.Debug|Any CPU.ActiveCfg = Debug|Any CPU
		{E6609C3E-47CA-41BE-B906-339063EA6E1F}.Debug|Any CPU.Build.0 = Debug|Any CPU
		{E6609C3E-47CA-41BE-B906-339063EA6E1F}.Release|Any CPU.ActiveCfg = Release|Any CPU
		{E6609C3E-47CA-41BE-B906-339063EA6E1F}.Release|Any CPU.Build.0 = Release|Any CPU
		{E6609C3E-47CA-41BE-B906-339063EA6E1F}.Debug|iPhoneSimulator.ActiveCfg = Debug|Any CPU
		{E6609C3E-47CA-41BE-B906-339063EA6E1F}.Debug|iPhoneSimulator.Build.0 = Debug|Any CPU
		{E6609C3E-47CA-41BE-B906-339063EA6E1F}.Release|iPhoneSimulator.ActiveCfg = Release|Any CPU
		{E6609C3E-47CA-41BE-B906-339063EA6E1F}.Release|iPhoneSimulator.Build.0 = Release|Any CPU
		{E6609C3E-47CA-41BE-B906-339063EA6E1F}.Debug|iPhone.ActiveCfg = Debug|Any CPU
		{E6609C3E-47CA-41BE-B906-339063EA6E1F}.Debug|iPhone.Build.0 = Debug|Any CPU
		{E6609C3E-47CA-41BE-B906-339063EA6E1F}.Release|iPhone.ActiveCfg = Release|Any CPU
		{E6609C3E-47CA-41BE-B906-339063EA6E1F}.Release|iPhone.Build.0 = Release|Any CPU
		{E6609C3E-47CA-41BE-B906-339063EA6E1F}.Ad-Hoc|iPhone.ActiveCfg = Debug|Any CPU
		{E6609C3E-47CA-41BE-B906-339063EA6E1F}.Ad-Hoc|iPhone.Build.0 = Debug|Any CPU
		{E6609C3E-47CA-41BE-B906-339063EA6E1F}.AppStore|iPhone.ActiveCfg = Debug|Any CPU
		{E6609C3E-47CA-41BE-B906-339063EA6E1F}.AppStore|iPhone.Build.0 = Debug|Any CPU
		{DAD833E6-DBF8-41FB-9258-E2BBE8D8C27A}.Debug|Any CPU.ActiveCfg = Debug|iPhoneSimulator
		{DAD833E6-DBF8-41FB-9258-E2BBE8D8C27A}.Debug|Any CPU.Build.0 = Debug|iPhoneSimulator
		{DAD833E6-DBF8-41FB-9258-E2BBE8D8C27A}.Release|Any CPU.ActiveCfg = Release|iPhoneSimulator
		{DAD833E6-DBF8-41FB-9258-E2BBE8D8C27A}.Release|Any CPU.Build.0 = Release|iPhoneSimulator
		{DAD833E6-DBF8-41FB-9258-E2BBE8D8C27A}.Debug|iPhoneSimulator.ActiveCfg = Debug|iPhoneSimulator
		{DAD833E6-DBF8-41FB-9258-E2BBE8D8C27A}.Debug|iPhoneSimulator.Build.0 = Debug|iPhoneSimulator
		{DAD833E6-DBF8-41FB-9258-E2BBE8D8C27A}.Release|iPhoneSimulator.ActiveCfg = Release|iPhoneSimulator
		{DAD833E6-DBF8-41FB-9258-E2BBE8D8C27A}.Release|iPhoneSimulator.Build.0 = Release|iPhoneSimulator
		{DAD833E6-DBF8-41FB-9258-E2BBE8D8C27A}.Debug|iPhone.ActiveCfg = Debug|iPhone
		{DAD833E6-DBF8-41FB-9258-E2BBE8D8C27A}.Debug|iPhone.Build.0 = Debug|iPhone
		{DAD833E6-DBF8-41FB-9258-E2BBE8D8C27A}.Release|iPhone.ActiveCfg = Release|iPhone
		{DAD833E6-DBF8-41FB-9258-E2BBE8D8C27A}.Release|iPhone.Build.0 = Release|iPhone
		{DAD833E6-DBF8-41FB-9258-E2BBE8D8C27A}.Ad-Hoc|iPhone.ActiveCfg = Ad-Hoc|iPhone
		{DAD833E6-DBF8-41FB-9258-E2BBE8D8C27A}.Ad-Hoc|iPhone.Build.0 = Ad-Hoc|iPhone
		{DAD833E6-DBF8-41FB-9258-E2BBE8D8C27A}.AppStore|iPhone.ActiveCfg = AppStore|iPhone
		{DAD833E6-DBF8-41FB-9258-E2BBE8D8C27A}.AppStore|iPhone.Build.0 = AppStore|iPhone
		{DB66A545-1725-43F0-B046-FAA3950DD0FB}.Debug|Any CPU.ActiveCfg = Debug|Any CPU
		{DB66A545-1725-43F0-B046-FAA3950DD0FB}.Debug|Any CPU.Build.0 = Debug|Any CPU
		{DB66A545-1725-43F0-B046-FAA3950DD0FB}.Release|Any CPU.ActiveCfg = Release|Any CPU
		{DB66A545-1725-43F0-B046-FAA3950DD0FB}.Release|Any CPU.Build.0 = Release|Any CPU
		{DB66A545-1725-43F0-B046-FAA3950DD0FB}.Debug|iPhoneSimulator.ActiveCfg = Debug|Any CPU
		{DB66A545-1725-43F0-B046-FAA3950DD0FB}.Debug|iPhoneSimulator.Build.0 = Debug|Any CPU
		{DB66A545-1725-43F0-B046-FAA3950DD0FB}.Release|iPhoneSimulator.ActiveCfg = Release|Any CPU
		{DB66A545-1725-43F0-B046-FAA3950DD0FB}.Release|iPhoneSimulator.Build.0 = Release|Any CPU
		{DB66A545-1725-43F0-B046-FAA3950DD0FB}.Debug|iPhone.ActiveCfg = Debug|Any CPU
		{DB66A545-1725-43F0-B046-FAA3950DD0FB}.Debug|iPhone.Build.0 = Debug|Any CPU
		{DB66A545-1725-43F0-B046-FAA3950DD0FB}.Release|iPhone.ActiveCfg = Release|Any CPU
		{DB66A545-1725-43F0-B046-FAA3950DD0FB}.Release|iPhone.Build.0 = Release|Any CPU
		{DB66A545-1725-43F0-B046-FAA3950DD0FB}.Ad-Hoc|iPhone.ActiveCfg = Debug|Any CPU
		{DB66A545-1725-43F0-B046-FAA3950DD0FB}.Ad-Hoc|iPhone.Build.0 = Debug|Any CPU
		{DB66A545-1725-43F0-B046-FAA3950DD0FB}.AppStore|iPhone.ActiveCfg = Debug|Any CPU
		{DB66A545-1725-43F0-B046-FAA3950DD0FB}.AppStore|iPhone.Build.0 = Debug|Any CPU
	EndGlobalSection
EndGlobal
